
Microsoft Visual Studio Solution File, Format Version 12.00
# Visual Studio Version 17
VisualStudioVersion = 17.13.35913.81
MinimumVisualStudioVersion = 10.0.40219.1
Project("{2150E333-8FDC-42A3-9474-1A3956D46DE8}") = "解决方案项", "解决方案项", "{9FA3D6BD-1EC1-3BA5-80CB-CE02773A58D5}"
EndProject
Project("{FAE04EC0-301F-11D3-BF4B-00C04F79EFBC}") = "LINQ", "LINQ\LINQ.csproj", "{C61ED1F8-2597-4FB5-933D-192DA65F1787}"
EndProject
Project("{FAE04EC0-301F-11D3-BF4B-00C04F79EFBC}") = "Reflection", "Reflection\Reflection.csproj", "{63973C79-A2F9-48F0-927A-DF0248CE4042}"
EndProject
Global
	GlobalSection(SolutionConfigurationPlatforms) = preSolution
		Debug|Any CPU = Debug|Any CPU
		Release|Any CPU = Release|Any CPU
	EndGlobalSection
	GlobalSection(ProjectConfigurationPlatforms) = postSolution
		{C61ED1F8-2597-4FB5-933D-192DA65F1787}.Debug|Any CPU.ActiveCfg = Debug|Any CPU
		{C61ED1F8-2597-4FB5-933D-192DA65F1787}.Debug|Any CPU.Build.0 = Debug|Any CPU
		{C61ED1F8-2597-4FB5-933D-192DA65F1787}.Release|Any CPU.ActiveCfg = Release|Any CPU
		{C61ED1F8-2597-4FB5-933D-192DA65F1787}.Release|Any CPU.Build.0 = Release|Any CPU
		{63973C79-A2F9-48F0-927A-DF0248CE4042}.Debug|Any CPU.ActiveCfg = Debug|Any CPU
		{63973C79-A2F9-48F0-927A-DF0248CE4042}.Debug|Any CPU.Build.0 = Debug|Any CPU
		{63973C79-A2F9-48F0-927A-DF0248CE4042}.Release|Any CPU.ActiveCfg = Release|Any CPU
		{63973C79-A2F9-48F0-927A-DF0248CE4042}.Release|Any CPU.Build.0 = Release|Any CPU
	EndGlobalSection
	GlobalSection(SolutionProperties) = preSolution
		HideSolutionNode = FALSE
	EndGlobalSection
	GlobalSection(ExtensibilityGlobals) = postSolution
		SolutionGuid = {0DD6485E-D4F9-48E8-B607-CB1CC18E9103}
	EndGlobalSection
EndGlobal
